// !$*UTF8*$!
{
	archiveVersion = 1;
	classes = {
	};
	objectVersion = 46;
	objects = {

/* Begin PBXBuildFile section */
		4C8C8FE01548E73000706FA7 /* Foundation.framework in Frameworks */ = {isa = PBXBuildFile; fileRef = 4C8C8FDF1548E73000706FA7 /* Foundation.framework */; };
		4C8C8FE21548E73000706FA7 /* UIKit.framework in Frameworks */ = {isa = PBXBuildFile; fileRef = 4C8C8FE11548E73000706FA7 /* UIKit.framework */; };
		4C8C8FE41548E73000706FA7 /* CoreGraphics.framework in Frameworks */ = {isa = PBXBuildFile; fileRef = 4C8C8FE31548E73000706FA7 /* CoreGraphics.framework */; };
		4C8C8FE61548E73000706FA7 /* AddressBook.framework in Frameworks */ = {isa = PBXBuildFile; fileRef = 4C8C8FE51548E73000706FA7 /* AddressBook.framework */; };
		4C8C8FE81548E73000706FA7 /* AddressBookUI.framework in Frameworks */ = {isa = PBXBuildFile; fileRef = 4C8C8FE71548E73000706FA7 /* AddressBookUI.framework */; };
		4C8C8FEA1548E73000706FA7 /* AudioToolbox.framework in Frameworks */ = {isa = PBXBuildFile; fileRef = 4C8C8FE91548E73000706FA7 /* AudioToolbox.framework */; };
		4C8C8FEC1548E73000706FA7 /* AVFoundation.framework in Frameworks */ = {isa = PBXBuildFile; fileRef = 4C8C8FEB1548E73000706FA7 /* AVFoundation.framework */; };
		4C8C8FEE1548E73000706FA7 /* CoreLocation.framework in Frameworks */ = {isa = PBXBuildFile; fileRef = 4C8C8FED1548E73000706FA7 /* CoreLocation.framework */; };
		4C8C8FF01548E73000706FA7 /* MediaPlayer.framework in Frameworks */ = {isa = PBXBuildFile; fileRef = 4C8C8FEF1548E73000706FA7 /* MediaPlayer.framework */; };
		4C8C8FF21548E73000706FA7 /* QuartzCore.framework in Frameworks */ = {isa = PBXBuildFile; fileRef = 4C8C8FF11548E73000706FA7 /* QuartzCore.framework */; };
		4C8C8FF41548E73000706FA7 /* SystemConfiguration.framework in Frameworks */ = {isa = PBXBuildFile; fileRef = 4C8C8FF31548E73000706FA7 /* SystemConfiguration.framework */; };
		4C8C8FF61548E73000706FA7 /* MobileCoreServices.framework in Frameworks */ = {isa = PBXBuildFile; fileRef = 4C8C8FF51548E73000706FA7 /* MobileCoreServices.framework */; };
		4C8C8FF81548E73000706FA7 /* CoreMedia.framework in Frameworks */ = {isa = PBXBuildFile; fileRef = 4C8C8FF71548E73000706FA7 /* CoreMedia.framework */; };
		4C8C8FFE1548E73000706FA7 /* InfoPlist.strings in Resources */ = {isa = PBXBuildFile; fileRef = 4C8C8FFC1548E73000706FA7 /* InfoPlist.strings */; };
		4C8C90001548E73000706FA7 /* main.m in Sources */ = {isa = PBXBuildFile; fileRef = 4C8C8FFF1548E73000706FA7 /* main.m */; };
		4C8C90031548E73000706FA7 /* Cordova.framework in Frameworks */ = {isa = PBXBuildFile; fileRef = 4C8C90021548E73000706FA7 /* Cordova.framework */; };
		4C8C90081548E73000706FA7 /* Localizable.strings in Resources */ = {isa = PBXBuildFile; fileRef = 4C8C90061548E73000706FA7 /* Localizable.strings */; };
		4C8C900C1548E73000706FA7 /* Localizable.strings in Resources */ = {isa = PBXBuildFile; fileRef = 4C8C900A1548E73000706FA7 /* Localizable.strings */; };
		4C8C90101548E73000706FA7 /* Localizable.strings in Resources */ = {isa = PBXBuildFile; fileRef = 4C8C900E1548E73000706FA7 /* Localizable.strings */; };
		4C8C90141548E73000706FA7 /* Localizable.strings in Resources */ = {isa = PBXBuildFile; fileRef = 4C8C90121548E73000706FA7 /* Localizable.strings */; };
		4C8C90221548E73000706FA7 /* Capture.bundle in Resources */ = {isa = PBXBuildFile; fileRef = 4C8C90211548E73000706FA7 /* Capture.bundle */; };
		4C8C90241548E73000706FA7 /* Cordova.plist in Resources */ = {isa = PBXBuildFile; fileRef = 4C8C90231548E73000706FA7 /* Cordova.plist */; };
		4C8C90281548E73000706FA7 /* AppDelegate.m in Sources */ = {isa = PBXBuildFile; fileRef = 4C8C90271548E73000706FA7 /* AppDelegate.m */; };
		4C8C902B1548E73000706FA7 /* MainViewController.m in Sources */ = {isa = PBXBuildFile; fileRef = 4C8C902A1548E73000706FA7 /* MainViewController.m */; };
		4C8C902D1548E73000706FA7 /* MainViewController.xib in Resources */ = {isa = PBXBuildFile; fileRef = 4C8C902C1548E73000706FA7 /* MainViewController.xib */; };
		4C8C90311548E73000706FA7 /* verify.sh in Resources */ = {isa = PBXBuildFile; fileRef = 4C8C90301548E73000706FA7 /* verify.sh */; };
		4C8C903D1548E76100706FA7 /* www in Resources */ = {isa = PBXBuildFile; fileRef = 4C8C903C1548E76100706FA7 /* www */; };
		4C8C90AD1548E98600706FA7 /* ASIAuthenticationDialog.m in Sources */ = {isa = PBXBuildFile; fileRef = 4C8C90461548E98600706FA7 /* ASIAuthenticationDialog.m */; };
		4C8C90AE1548E98600706FA7 /* ASIDataCompressor.m in Sources */ = {isa = PBXBuildFile; fileRef = 4C8C90491548E98600706FA7 /* ASIDataCompressor.m */; };
		4C8C90AF1548E98600706FA7 /* ASIDataDecompressor.m in Sources */ = {isa = PBXBuildFile; fileRef = 4C8C904B1548E98600706FA7 /* ASIDataDecompressor.m */; };
		4C8C90B01548E98600706FA7 /* ASIDownloadCache.m in Sources */ = {isa = PBXBuildFile; fileRef = 4C8C904D1548E98600706FA7 /* ASIDownloadCache.m */; };
		4C8C90B11548E98600706FA7 /* ASIFormDataRequest.m in Sources */ = {isa = PBXBuildFile; fileRef = 4C8C904F1548E98600706FA7 /* ASIFormDataRequest.m */; };
		4C8C90B21548E98600706FA7 /* ASIHTTPRequest.m in Sources */ = {isa = PBXBuildFile; fileRef = 4C8C90511548E98600706FA7 /* ASIHTTPRequest.m */; };
		4C8C90B31548E98600706FA7 /* ASIInputStream.m in Sources */ = {isa = PBXBuildFile; fileRef = 4C8C90551548E98600706FA7 /* ASIInputStream.m */; };
		4C8C90B41548E98600706FA7 /* ASINetworkQueue.m in Sources */ = {isa = PBXBuildFile; fileRef = 4C8C90571548E98600706FA7 /* ASINetworkQueue.m */; };
		4C8C90B51548E98600706FA7 /* NSObject+SBJson.m in Sources */ = {isa = PBXBuildFile; fileRef = 4C8C905C1548E98600706FA7 /* NSObject+SBJson.m */; };
		4C8C90B61548E98600706FA7 /* SBJsonParser.m in Sources */ = {isa = PBXBuildFile; fileRef = 4C8C905F1548E98600706FA7 /* SBJsonParser.m */; };
		4C8C90B71548E98600706FA7 /* SBJsonStreamParser.m in Sources */ = {isa = PBXBuildFile; fileRef = 4C8C90611548E98600706FA7 /* SBJsonStreamParser.m */; };
		4C8C90B81548E98600706FA7 /* SBJsonStreamParserAccumulator.m in Sources */ = {isa = PBXBuildFile; fileRef = 4C8C90631548E98600706FA7 /* SBJsonStreamParserAccumulator.m */; };
		4C8C90B91548E98600706FA7 /* SBJsonStreamParserAdapter.m in Sources */ = {isa = PBXBuildFile; fileRef = 4C8C90651548E98600706FA7 /* SBJsonStreamParserAdapter.m */; };
		4C8C90BA1548E98600706FA7 /* SBJsonStreamParserState.m in Sources */ = {isa = PBXBuildFile; fileRef = 4C8C90671548E98600706FA7 /* SBJsonStreamParserState.m */; };
		4C8C90BB1548E98600706FA7 /* SBJsonStreamWriter.m in Sources */ = {isa = PBXBuildFile; fileRef = 4C8C90691548E98600706FA7 /* SBJsonStreamWriter.m */; };
		4C8C90BC1548E98600706FA7 /* SBJsonStreamWriterAccumulator.m in Sources */ = {isa = PBXBuildFile; fileRef = 4C8C906B1548E98600706FA7 /* SBJsonStreamWriterAccumulator.m */; };
		4C8C90BD1548E98600706FA7 /* SBJsonStreamWriterState.m in Sources */ = {isa = PBXBuildFile; fileRef = 4C8C906D1548E98600706FA7 /* SBJsonStreamWriterState.m */; };
		4C8C90BE1548E98600706FA7 /* SBJsonTokeniser.m in Sources */ = {isa = PBXBuildFile; fileRef = 4C8C906F1548E98600706FA7 /* SBJsonTokeniser.m */; };
		4C8C90BF1548E98600706FA7 /* SBJsonUTF8Stream.m in Sources */ = {isa = PBXBuildFile; fileRef = 4C8C90711548E98600706FA7 /* SBJsonUTF8Stream.m */; };
		4C8C90C01548E98600706FA7 /* SBJsonWriter.m in Sources */ = {isa = PBXBuildFile; fileRef = 4C8C90731548E98600706FA7 /* SBJsonWriter.m */; };
		4C8C90C11548E98600706FA7 /* GTMNSString+HTML.m in Sources */ = {isa = PBXBuildFile; fileRef = 4C8C90761548E98600706FA7 /* GTMNSString+HTML.m */; };
		4C8C90C21548E98600706FA7 /* NSString+MD5Addition.m in Sources */ = {isa = PBXBuildFile; fileRef = 4C8C90781548E98600706FA7 /* NSString+MD5Addition.m */; };
		4C8C90C31548E98600706FA7 /* NSString_HTML.m in Sources */ = {isa = PBXBuildFile; fileRef = 4C8C907A1548E98600706FA7 /* NSString_HTML.m */; };
		4C8C90C41548E98600706FA7 /* UIDevice+IdentifierAddition.m in Sources */ = {isa = PBXBuildFile; fileRef = 4C8C907C1548E98600706FA7 /* UIDevice+IdentifierAddition.m */; };
		4C8C90C51548E98600706FA7 /* xReachability.m in Sources */ = {isa = PBXBuildFile; fileRef = 4C8C907E1548E98600706FA7 /* xReachability.m */; };
		4C8C90C61548E98600706FA7 /* AppDetail.m in Sources */ = {isa = PBXBuildFile; fileRef = 4C8C90821548E98600706FA7 /* AppDetail.m */; };
		4C8C90C71548E98600706FA7 /* AppDetailsMgr.m in Sources */ = {isa = PBXBuildFile; fileRef = 4C8C90841548E98600706FA7 /* AppDetailsMgr.m */; };
		4C8C90C81548E98600706FA7 /* MapAnnotation.m in Sources */ = {isa = PBXBuildFile; fileRef = 4C8C90861548E98600706FA7 /* MapAnnotation.m */; };
		4C8C90C91548E98600706FA7 /* MetricDb.m in Sources */ = {isa = PBXBuildFile; fileRef = 4C8C90881548E98600706FA7 /* MetricDb.m */; };
		4C8C90CA1548E98600706FA7 /* RichDbMessage.m in Sources */ = {isa = PBXBuildFile; fileRef = 4C8C908A1548E98600706FA7 /* RichDbMessage.m */; };
		4C8C90CB1548E98600706FA7 /* richnotification.xcdatamodel in Sources */ = {isa = PBXBuildFile; fileRef = 4C8C908B1548E98600706FA7 /* richnotification.xcdatamodel */; };
		4C8C90CC1548E98600706FA7 /* richnotificationV1.15.xcdatamodel in Sources */ = {isa = PBXBuildFile; fileRef = 4C8C908C1548E98600706FA7 /* richnotificationV1.15.xcdatamodel */; };
		4C8C90CD1548E98600706FA7 /* XLInboxJsonParser.m in Sources */ = {isa = PBXBuildFile; fileRef = 4C8C908E1548E98600706FA7 /* XLInboxJsonParser.m */; };
		4C8C90CE1548E98600706FA7 /* XLMetricMgr.m in Sources */ = {isa = PBXBuildFile; fileRef = 4C8C90901548E98600706FA7 /* XLMetricMgr.m */; };
		4C8C90CF1548E98600706FA7 /* XLRichJsonMessage.m in Sources */ = {isa = PBXBuildFile; fileRef = 4C8C90921548E98600706FA7 /* XLRichJsonMessage.m */; };
		4C8C90D01548E98600706FA7 /* chime.caf in Resources */ = {isa = PBXBuildFile; fileRef = 4C8C90941548E98600706FA7 /* chime.caf */; };
		4C8C90D11548E98600706FA7 /* ding.caf in Resources */ = {isa = PBXBuildFile; fileRef = 4C8C90951548E98600706FA7 /* ding.caf */; };
		4C8C90D21548E98600706FA7 /* expireMsgTemplate.html in Resources */ = {isa = PBXBuildFile; fileRef = 4C8C90961548E98600706FA7 /* expireMsgTemplate.html */; };
		4C8C90D31548E98600706FA7 /* silence.caf in Resources */ = {isa = PBXBuildFile; fileRef = 4C8C90971548E98600706FA7 /* silence.caf */; };
		4C8C90D41548E98600706FA7 /* XLappMgr.m in Sources */ = {isa = PBXBuildFile; fileRef = 4C8C909A1548E98600706FA7 /* XLappMgr.m */; };
		4C8C90D51548E98600706FA7 /* XLDbMgr.m in Sources */ = {isa = PBXBuildFile; fileRef = 4C8C909C1548E98600706FA7 /* XLDbMgr.m */; };
		4C8C90D61548E98600706FA7 /* XLInboxMgr.m in Sources */ = {isa = PBXBuildFile; fileRef = 4C8C909F1548E98600706FA7 /* XLInboxMgr.m */; };
		4C8C90D71548E98600706FA7 /* XLLocationMgr.m in Sources */ = {isa = PBXBuildFile; fileRef = 4C8C90A11548E98600706FA7 /* XLLocationMgr.m */; };
		4C8C90D81548E98600706FA7 /* XLServerMgr.m in Sources */ = {isa = PBXBuildFile; fileRef = 4C8C90A31548E98600706FA7 /* XLServerMgr.m */; };
		4C8C90D91548E98600706FA7 /* XRDetailsVC.m in Sources */ = {isa = PBXBuildFile; fileRef = 4C8C90A71548E98600706FA7 /* XRDetailsVC.m */; };
		4C8C90DA1548E98600706FA7 /* XRInboxVC.m in Sources */ = {isa = PBXBuildFile; fileRef = 4C8C90A91548E98600706FA7 /* XRInboxVC.m */; };
		4C8C90DB1548E98600706FA7 /* copy_library.sh in Resources */ = {isa = PBXBuildFile; fileRef = 4C8C90AB1548E98600706FA7 /* copy_library.sh */; };
		4C8C90E91548EC4900706FA7 /* MapKit.framework in Frameworks */ = {isa = PBXBuildFile; fileRef = 4C8C90E81548EC4900706FA7 /* MapKit.framework */; };
		4C8C90EB1548EC4E00706FA7 /* CoreData.framework in Frameworks */ = {isa = PBXBuildFile; fileRef = 4C8C90EA1548EC4E00706FA7 /* CoreData.framework */; };
		4C8C90ED1548EC5800706FA7 /* MessageUI.framework in Frameworks */ = {isa = PBXBuildFile; fileRef = 4C8C90EC1548EC5800706FA7 /* MessageUI.framework */; };
		4C8C90EF1548EC6600706FA7 /* CFNetwork.framework in Frameworks */ = {isa = PBXBuildFile; fileRef = 4C8C90EE1548EC6600706FA7 /* CFNetwork.framework */; };
		4C8C90F11548EC7400706FA7 /* libxml2.2.dylib in Frameworks */ = {isa = PBXBuildFile; fileRef = 4C8C90F01548EC7400706FA7 /* libxml2.2.dylib */; };
		4C8C90F31548EC7C00706FA7 /* libz.1.1.3.dylib in Frameworks */ = {isa = PBXBuildFile; fileRef = 4C8C90F21548EC7C00706FA7 /* libz.1.1.3.dylib */; };
		4C8C90F51548EC8600706FA7 /* CoreTelephony.framework in Frameworks */ = {isa = PBXBuildFile; fileRef = 4C8C90F41548EC8600706FA7 /* CoreTelephony.framework */; };
		4CEBED12155C4F700083AF8A /* icon.png in Resources */ = {isa = PBXBuildFile; fileRef = 4CEBED11155C4F700083AF8A /* icon.png */; };
/* End PBXBuildFile section */

/* Begin PBXFileReference section */
		4C8C8FDB1548E73000706FA7 /* Xtify_YouTube_PhoneGap.app */ = {isa = PBXFileReference; explicitFileType = wrapper.application; includeInIndex = 0; path = Xtify_YouTube_PhoneGap.app; sourceTree = BUILT_PRODUCTS_DIR; };
		4C8C8FDF1548E73000706FA7 /* Foundation.framework */ = {isa = PBXFileReference; lastKnownFileType = wrapper.framework; name = Foundation.framework; path = System/Library/Frameworks/Foundation.framework; sourceTree = SDKROOT; };
		4C8C8FE11548E73000706FA7 /* UIKit.framework */ = {isa = PBXFileReference; lastKnownFileType = wrapper.framework; name = UIKit.framework; path = System/Library/Frameworks/UIKit.framework; sourceTree = SDKROOT; };
		4C8C8FE31548E73000706FA7 /* CoreGraphics.framework */ = {isa = PBXFileReference; lastKnownFileType = wrapper.framework; name = CoreGraphics.framework; path = System/Library/Frameworks/CoreGraphics.framework; sourceTree = SDKROOT; };
		4C8C8FE51548E73000706FA7 /* AddressBook.framework */ = {isa = PBXFileReference; lastKnownFileType = wrapper.framework; name = AddressBook.framework; path = System/Library/Frameworks/AddressBook.framework; sourceTree = SDKROOT; };
		4C8C8FE71548E73000706FA7 /* AddressBookUI.framework */ = {isa = PBXFileReference; lastKnownFileType = wrapper.framework; name = AddressBookUI.framework; path = System/Library/Frameworks/AddressBookUI.framework; sourceTree = SDKROOT; };
		4C8C8FE91548E73000706FA7 /* AudioToolbox.framework */ = {isa = PBXFileReference; lastKnownFileType = wrapper.framework; name = AudioToolbox.framework; path = System/Library/Frameworks/AudioToolbox.framework; sourceTree = SDKROOT; };
		4C8C8FEB1548E73000706FA7 /* AVFoundation.framework */ = {isa = PBXFileReference; lastKnownFileType = wrapper.framework; name = AVFoundation.framework; path = System/Library/Frameworks/AVFoundation.framework; sourceTree = SDKROOT; };
		4C8C8FED1548E73000706FA7 /* CoreLocation.framework */ = {isa = PBXFileReference; lastKnownFileType = wrapper.framework; name = CoreLocation.framework; path = System/Library/Frameworks/CoreLocation.framework; sourceTree = SDKROOT; };
		4C8C8FEF1548E73000706FA7 /* MediaPlayer.framework */ = {isa = PBXFileReference; lastKnownFileType = wrapper.framework; name = MediaPlayer.framework; path = System/Library/Frameworks/MediaPlayer.framework; sourceTree = SDKROOT; };
		4C8C8FF11548E73000706FA7 /* QuartzCore.framework */ = {isa = PBXFileReference; lastKnownFileType = wrapper.framework; name = QuartzCore.framework; path = System/Library/Frameworks/QuartzCore.framework; sourceTree = SDKROOT; };
		4C8C8FF31548E73000706FA7 /* SystemConfiguration.framework */ = {isa = PBXFileReference; lastKnownFileType = wrapper.framework; name = SystemConfiguration.framework; path = System/Library/Frameworks/SystemConfiguration.framework; sourceTree = SDKROOT; };
		4C8C8FF51548E73000706FA7 /* MobileCoreServices.framework */ = {isa = PBXFileReference; lastKnownFileType = wrapper.framework; name = MobileCoreServices.framework; path = System/Library/Frameworks/MobileCoreServices.framework; sourceTree = SDKROOT; };
		4C8C8FF71548E73000706FA7 /* CoreMedia.framework */ = {isa = PBXFileReference; lastKnownFileType = wrapper.framework; name = CoreMedia.framework; path = System/Library/Frameworks/CoreMedia.framework; sourceTree = SDKROOT; };
		4C8C8FFB1548E73000706FA7 /* Xtify_YouTube_PhoneGap-Info.plist */ = {isa = PBXFileReference; lastKnownFileType = text.plist.xml; path = "Xtify_YouTube_PhoneGap-Info.plist"; sourceTree = "<group>"; };
		4C8C8FFD1548E73000706FA7 /* en */ = {isa = PBXFileReference; lastKnownFileType = text.plist.strings; name = en; path = en.lproj/InfoPlist.strings; sourceTree = "<group>"; };
		4C8C8FFF1548E73000706FA7 /* main.m */ = {isa = PBXFileReference; lastKnownFileType = sourcecode.c.objc; path = main.m; sourceTree = "<group>"; };
		4C8C90011548E73000706FA7 /* Xtify_YouTube_PhoneGap-Prefix.pch */ = {isa = PBXFileReference; lastKnownFileType = sourcecode.c.h; path = "Xtify_YouTube_PhoneGap-Prefix.pch"; sourceTree = "<group>"; };
		4C8C90021548E73000706FA7 /* Cordova.framework */ = {isa = PBXFileReference; lastKnownFileType = wrapper.framework; name = Cordova.framework; path = /Users/Shared/Cordova/Frameworks/Cordova.framework; sourceTree = "<absolute>"; };
		4C8C90071548E73000706FA7 /* en */ = {isa = PBXFileReference; lastKnownFileType = text.plist.strings; name = en; path = Resources/en.lproj/Localizable.strings; sourceTree = "<group>"; };
		4C8C900B1548E73000706FA7 /* es */ = {isa = PBXFileReference; lastKnownFileType = text.plist.strings; name = es; path = Resources/es.lproj/Localizable.strings; sourceTree = "<group>"; };
		4C8C900F1548E73000706FA7 /* de */ = {isa = PBXFileReference; lastKnownFileType = text.plist.strings; name = de; path = Resources/de.lproj/Localizable.strings; sourceTree = "<group>"; };
		4C8C90131548E73000706FA7 /* se */ = {isa = PBXFileReference; lastKnownFileType = text.plist.strings; name = se; path = Resources/se.lproj/Localizable.strings; sourceTree = "<group>"; };
		4C8C90211548E73000706FA7 /* Capture.bundle */ = {isa = PBXFileReference; lastKnownFileType = "wrapper.plug-in"; name = Capture.bundle; path = Resources/Capture.bundle; sourceTree = "<group>"; };
		4C8C90231548E73000706FA7 /* Cordova.plist */ = {isa = PBXFileReference; lastKnownFileType = text.plist.xml; path = Cordova.plist; sourceTree = "<group>"; };
		4C8C90261548E73000706FA7 /* AppDelegate.h */ = {isa = PBXFileReference; lastKnownFileType = sourcecode.c.h; name = AppDelegate.h; path = Classes/AppDelegate.h; sourceTree = "<group>"; };
		4C8C90271548E73000706FA7 /* AppDelegate.m */ = {isa = PBXFileReference; lastKnownFileType = sourcecode.c.objc; name = AppDelegate.m; path = Classes/AppDelegate.m; sourceTree = "<group>"; };
		4C8C90291548E73000706FA7 /* MainViewController.h */ = {isa = PBXFileReference; lastKnownFileType = sourcecode.c.h; name = MainViewController.h; path = Classes/MainViewController.h; sourceTree = "<group>"; };
		4C8C902A1548E73000706FA7 /* MainViewController.m */ = {isa = PBXFileReference; lastKnownFileType = sourcecode.c.objc; name = MainViewController.m; path = Classes/MainViewController.m; sourceTree = "<group>"; };
		4C8C902C1548E73000706FA7 /* MainViewController.xib */ = {isa = PBXFileReference; lastKnownFileType = file.xib; name = MainViewController.xib; path = Classes/MainViewController.xib; sourceTree = "<group>"; };
		4C8C902F1548E73000706FA7 /* README */ = {isa = PBXFileReference; lastKnownFileType = text; name = README; path = Plugins/README; sourceTree = "<group>"; };
		4C8C90301548E73000706FA7 /* verify.sh */ = {isa = PBXFileReference; lastKnownFileType = text.script.sh; path = verify.sh; sourceTree = "<group>"; };
		4C8C903C1548E76100706FA7 /* www */ = {isa = PBXFileReference; lastKnownFileType = folder; path = www; sourceTree = "<group>"; };
		4C8C90451548E98600706FA7 /* ASIAuthenticationDialog.h */ = {isa = PBXFileReference; fileEncoding = 4; lastKnownFileType = sourcecode.c.h; path = ASIAuthenticationDialog.h; sourceTree = "<group>"; };
		4C8C90461548E98600706FA7 /* ASIAuthenticationDialog.m */ = {isa = PBXFileReference; fileEncoding = 4; lastKnownFileType = sourcecode.c.objc; path = ASIAuthenticationDialog.m; sourceTree = "<group>"; };
		4C8C90471548E98600706FA7 /* ASICacheDelegate.h */ = {isa = PBXFileReference; fileEncoding = 4; lastKnownFileType = sourcecode.c.h; path = ASICacheDelegate.h; sourceTree = "<group>"; };
		4C8C90481548E98600706FA7 /* ASIDataCompressor.h */ = {isa = PBXFileReference; fileEncoding = 4; lastKnownFileType = sourcecode.c.h; path = ASIDataCompressor.h; sourceTree = "<group>"; };
		4C8C90491548E98600706FA7 /* ASIDataCompressor.m */ = {isa = PBXFileReference; fileEncoding = 4; lastKnownFileType = sourcecode.c.objc; path = ASIDataCompressor.m; sourceTree = "<group>"; };
		4C8C904A1548E98600706FA7 /* ASIDataDecompressor.h */ = {isa = PBXFileReference; fileEncoding = 4; lastKnownFileType = sourcecode.c.h; path = ASIDataDecompressor.h; sourceTree = "<group>"; };
		4C8C904B1548E98600706FA7 /* ASIDataDecompressor.m */ = {isa = PBXFileReference; fileEncoding = 4; lastKnownFileType = sourcecode.c.objc; path = ASIDataDecompressor.m; sourceTree = "<group>"; };
		4C8C904C1548E98600706FA7 /* ASIDownloadCache.h */ = {isa = PBXFileReference; fileEncoding = 4; lastKnownFileType = sourcecode.c.h; path = ASIDownloadCache.h; sourceTree = "<group>"; };
		4C8C904D1548E98600706FA7 /* ASIDownloadCache.m */ = {isa = PBXFileReference; fileEncoding = 4; lastKnownFileType = sourcecode.c.objc; path = ASIDownloadCache.m; sourceTree = "<group>"; };
		4C8C904E1548E98600706FA7 /* ASIFormDataRequest.h */ = {isa = PBXFileReference; fileEncoding = 4; lastKnownFileType = sourcecode.c.h; path = ASIFormDataRequest.h; sourceTree = "<group>"; };
		4C8C904F1548E98600706FA7 /* ASIFormDataRequest.m */ = {isa = PBXFileReference; fileEncoding = 4; lastKnownFileType = sourcecode.c.objc; path = ASIFormDataRequest.m; sourceTree = "<group>"; };
		4C8C90501548E98600706FA7 /* ASIHTTPRequest.h */ = {isa = PBXFileReference; fileEncoding = 4; lastKnownFileType = sourcecode.c.h; path = ASIHTTPRequest.h; sourceTree = "<group>"; };
		4C8C90511548E98600706FA7 /* ASIHTTPRequest.m */ = {isa = PBXFileReference; fileEncoding = 4; lastKnownFileType = sourcecode.c.objc; path = ASIHTTPRequest.m; sourceTree = "<group>"; };
		4C8C90521548E98600706FA7 /* ASIHTTPRequestConfig.h */ = {isa = PBXFileReference; fileEncoding = 4; lastKnownFileType = sourcecode.c.h; path = ASIHTTPRequestConfig.h; sourceTree = "<group>"; };
		4C8C90531548E98600706FA7 /* ASIHTTPRequestDelegate.h */ = {isa = PBXFileReference; fileEncoding = 4; lastKnownFileType = sourcecode.c.h; path = ASIHTTPRequestDelegate.h; sourceTree = "<group>"; };
		4C8C90541548E98600706FA7 /* ASIInputStream.h */ = {isa = PBXFileReference; fileEncoding = 4; lastKnownFileType = sourcecode.c.h; path = ASIInputStream.h; sourceTree = "<group>"; };
		4C8C90551548E98600706FA7 /* ASIInputStream.m */ = {isa = PBXFileReference; fileEncoding = 4; lastKnownFileType = sourcecode.c.objc; path = ASIInputStream.m; sourceTree = "<group>"; };
		4C8C90561548E98600706FA7 /* ASINetworkQueue.h */ = {isa = PBXFileReference; fileEncoding = 4; lastKnownFileType = sourcecode.c.h; path = ASINetworkQueue.h; sourceTree = "<group>"; };
		4C8C90571548E98600706FA7 /* ASINetworkQueue.m */ = {isa = PBXFileReference; fileEncoding = 4; lastKnownFileType = sourcecode.c.objc; path = ASINetworkQueue.m; sourceTree = "<group>"; };
		4C8C90581548E98600706FA7 /* ASIProgressDelegate.h */ = {isa = PBXFileReference; fileEncoding = 4; lastKnownFileType = sourcecode.c.h; path = ASIProgressDelegate.h; sourceTree = "<group>"; };
		4C8C905A1548E98600706FA7 /* JSON.h */ = {isa = PBXFileReference; fileEncoding = 4; lastKnownFileType = sourcecode.c.h; path = JSON.h; sourceTree = "<group>"; };
		4C8C905B1548E98600706FA7 /* NSObject+SBJson.h */ = {isa = PBXFileReference; fileEncoding = 4; lastKnownFileType = sourcecode.c.h; path = "NSObject+SBJson.h"; sourceTree = "<group>"; };
		4C8C905C1548E98600706FA7 /* NSObject+SBJson.m */ = {isa = PBXFileReference; fileEncoding = 4; lastKnownFileType = sourcecode.c.objc; path = "NSObject+SBJson.m"; sourceTree = "<group>"; };
		4C8C905D1548E98600706FA7 /* SBJson.h */ = {isa = PBXFileReference; fileEncoding = 4; lastKnownFileType = sourcecode.c.h; path = SBJson.h; sourceTree = "<group>"; };
		4C8C905E1548E98600706FA7 /* SBJsonParser.h */ = {isa = PBXFileReference; fileEncoding = 4; lastKnownFileType = sourcecode.c.h; path = SBJsonParser.h; sourceTree = "<group>"; };
		4C8C905F1548E98600706FA7 /* SBJsonParser.m */ = {isa = PBXFileReference; fileEncoding = 4; lastKnownFileType = sourcecode.c.objc; path = SBJsonParser.m; sourceTree = "<group>"; };
		4C8C90601548E98600706FA7 /* SBJsonStreamParser.h */ = {isa = PBXFileReference; fileEncoding = 4; lastKnownFileType = sourcecode.c.h; path = SBJsonStreamParser.h; sourceTree = "<group>"; };
		4C8C90611548E98600706FA7 /* SBJsonStreamParser.m */ = {isa = PBXFileReference; fileEncoding = 4; lastKnownFileType = sourcecode.c.objc; path = SBJsonStreamParser.m; sourceTree = "<group>"; };
		4C8C90621548E98600706FA7 /* SBJsonStreamParserAccumulator.h */ = {isa = PBXFileReference; fileEncoding = 4; lastKnownFileType = sourcecode.c.h; path = SBJsonStreamParserAccumulator.h; sourceTree = "<group>"; };
		4C8C90631548E98600706FA7 /* SBJsonStreamParserAccumulator.m */ = {isa = PBXFileReference; fileEncoding = 4; lastKnownFileType = sourcecode.c.objc; path = SBJsonStreamParserAccumulator.m; sourceTree = "<group>"; };
		4C8C90641548E98600706FA7 /* SBJsonStreamParserAdapter.h */ = {isa = PBXFileReference; fileEncoding = 4; lastKnownFileType = sourcecode.c.h; path = SBJsonStreamParserAdapter.h; sourceTree = "<group>"; };
		4C8C90651548E98600706FA7 /* SBJsonStreamParserAdapter.m */ = {isa = PBXFileReference; fileEncoding = 4; lastKnownFileType = sourcecode.c.objc; path = SBJsonStreamParserAdapter.m; sourceTree = "<group>"; };
		4C8C90661548E98600706FA7 /* SBJsonStreamParserState.h */ = {isa = PBXFileReference; fileEncoding = 4; lastKnownFileType = sourcecode.c.h; path = SBJsonStreamParserState.h; sourceTree = "<group>"; };
		4C8C90671548E98600706FA7 /* SBJsonStreamParserState.m */ = {isa = PBXFileReference; fileEncoding = 4; lastKnownFileType = sourcecode.c.objc; path = SBJsonStreamParserState.m; sourceTree = "<group>"; };
		4C8C90681548E98600706FA7 /* SBJsonStreamWriter.h */ = {isa = PBXFileReference; fileEncoding = 4; lastKnownFileType = sourcecode.c.h; path = SBJsonStreamWriter.h; sourceTree = "<group>"; };
		4C8C90691548E98600706FA7 /* SBJsonStreamWriter.m */ = {isa = PBXFileReference; fileEncoding = 4; lastKnownFileType = sourcecode.c.objc; path = SBJsonStreamWriter.m; sourceTree = "<group>"; };
		4C8C906A1548E98600706FA7 /* SBJsonStreamWriterAccumulator.h */ = {isa = PBXFileReference; fileEncoding = 4; lastKnownFileType = sourcecode.c.h; path = SBJsonStreamWriterAccumulator.h; sourceTree = "<group>"; };
		4C8C906B1548E98600706FA7 /* SBJsonStreamWriterAccumulator.m */ = {isa = PBXFileReference; fileEncoding = 4; lastKnownFileType = sourcecode.c.objc; path = SBJsonStreamWriterAccumulator.m; sourceTree = "<group>"; };
		4C8C906C1548E98600706FA7 /* SBJsonStreamWriterState.h */ = {isa = PBXFileReference; fileEncoding = 4; lastKnownFileType = sourcecode.c.h; path = SBJsonStreamWriterState.h; sourceTree = "<group>"; };
		4C8C906D1548E98600706FA7 /* SBJsonStreamWriterState.m */ = {isa = PBXFileReference; fileEncoding = 4; lastKnownFileType = sourcecode.c.objc; path = SBJsonStreamWriterState.m; sourceTree = "<group>"; };
		4C8C906E1548E98600706FA7 /* SBJsonTokeniser.h */ = {isa = PBXFileReference; fileEncoding = 4; lastKnownFileType = sourcecode.c.h; path = SBJsonTokeniser.h; sourceTree = "<group>"; };
		4C8C906F1548E98600706FA7 /* SBJsonTokeniser.m */ = {isa = PBXFileReference; fileEncoding = 4; lastKnownFileType = sourcecode.c.objc; path = SBJsonTokeniser.m; sourceTree = "<group>"; };
		4C8C90701548E98600706FA7 /* SBJsonUTF8Stream.h */ = {isa = PBXFileReference; fileEncoding = 4; lastKnownFileType = sourcecode.c.h; path = SBJsonUTF8Stream.h; sourceTree = "<group>"; };
		4C8C90711548E98600706FA7 /* SBJsonUTF8Stream.m */ = {isa = PBXFileReference; fileEncoding = 4; lastKnownFileType = sourcecode.c.objc; path = SBJsonUTF8Stream.m; sourceTree = "<group>"; };
		4C8C90721548E98600706FA7 /* SBJsonWriter.h */ = {isa = PBXFileReference; fileEncoding = 4; lastKnownFileType = sourcecode.c.h; path = SBJsonWriter.h; sourceTree = "<group>"; };
		4C8C90731548E98600706FA7 /* SBJsonWriter.m */ = {isa = PBXFileReference; fileEncoding = 4; lastKnownFileType = sourcecode.c.objc; path = SBJsonWriter.m; sourceTree = "<group>"; };
		4C8C90751548E98600706FA7 /* GTMNSString+HTML.h */ = {isa = PBXFileReference; fileEncoding = 4; lastKnownFileType = sourcecode.c.h; path = "GTMNSString+HTML.h"; sourceTree = "<group>"; };
		4C8C90761548E98600706FA7 /* GTMNSString+HTML.m */ = {isa = PBXFileReference; fileEncoding = 4; lastKnownFileType = sourcecode.c.objc; path = "GTMNSString+HTML.m"; sourceTree = "<group>"; };
		4C8C90771548E98600706FA7 /* NSString+MD5Addition.h */ = {isa = PBXFileReference; fileEncoding = 4; lastKnownFileType = sourcecode.c.h; path = "NSString+MD5Addition.h"; sourceTree = "<group>"; };
		4C8C90781548E98600706FA7 /* NSString+MD5Addition.m */ = {isa = PBXFileReference; fileEncoding = 4; lastKnownFileType = sourcecode.c.objc; path = "NSString+MD5Addition.m"; sourceTree = "<group>"; };
		4C8C90791548E98600706FA7 /* NSString_HTML.h */ = {isa = PBXFileReference; fileEncoding = 4; lastKnownFileType = sourcecode.c.h; path = NSString_HTML.h; sourceTree = "<group>"; };
		4C8C907A1548E98600706FA7 /* NSString_HTML.m */ = {isa = PBXFileReference; fileEncoding = 4; lastKnownFileType = sourcecode.c.objc; path = NSString_HTML.m; sourceTree = "<group>"; };
		4C8C907B1548E98600706FA7 /* UIDevice+IdentifierAddition.h */ = {isa = PBXFileReference; fileEncoding = 4; lastKnownFileType = sourcecode.c.h; path = "UIDevice+IdentifierAddition.h"; sourceTree = "<group>"; };
		4C8C907C1548E98600706FA7 /* UIDevice+IdentifierAddition.m */ = {isa = PBXFileReference; fileEncoding = 4; lastKnownFileType = sourcecode.c.objc; path = "UIDevice+IdentifierAddition.m"; sourceTree = "<group>"; };
		4C8C907D1548E98600706FA7 /* xReachability.h */ = {isa = PBXFileReference; fileEncoding = 4; lastKnownFileType = sourcecode.c.h; path = xReachability.h; sourceTree = "<group>"; };
		4C8C907E1548E98600706FA7 /* xReachability.m */ = {isa = PBXFileReference; fileEncoding = 4; lastKnownFileType = sourcecode.c.objc; path = xReachability.m; sourceTree = "<group>"; };
		4C8C90811548E98600706FA7 /* AppDetail.h */ = {isa = PBXFileReference; fileEncoding = 4; lastKnownFileType = sourcecode.c.h; path = AppDetail.h; sourceTree = "<group>"; };
		4C8C90821548E98600706FA7 /* AppDetail.m */ = {isa = PBXFileReference; fileEncoding = 4; lastKnownFileType = sourcecode.c.objc; path = AppDetail.m; sourceTree = "<group>"; };
		4C8C90831548E98600706FA7 /* AppDetailsMgr.h */ = {isa = PBXFileReference; fileEncoding = 4; lastKnownFileType = sourcecode.c.h; path = AppDetailsMgr.h; sourceTree = "<group>"; };
		4C8C90841548E98600706FA7 /* AppDetailsMgr.m */ = {isa = PBXFileReference; fileEncoding = 4; lastKnownFileType = sourcecode.c.objc; path = AppDetailsMgr.m; sourceTree = "<group>"; };
		4C8C90851548E98600706FA7 /* MapAnnotation.h */ = {isa = PBXFileReference; fileEncoding = 4; lastKnownFileType = sourcecode.c.h; path = MapAnnotation.h; sourceTree = "<group>"; };
		4C8C90861548E98600706FA7 /* MapAnnotation.m */ = {isa = PBXFileReference; fileEncoding = 4; lastKnownFileType = sourcecode.c.objc; path = MapAnnotation.m; sourceTree = "<group>"; };
		4C8C90871548E98600706FA7 /* MetricDb.h */ = {isa = PBXFileReference; fileEncoding = 4; lastKnownFileType = sourcecode.c.h; path = MetricDb.h; sourceTree = "<group>"; };
		4C8C90881548E98600706FA7 /* MetricDb.m */ = {isa = PBXFileReference; fileEncoding = 4; lastKnownFileType = sourcecode.c.objc; path = MetricDb.m; sourceTree = "<group>"; };
		4C8C90891548E98600706FA7 /* RichDbMessage.h */ = {isa = PBXFileReference; fileEncoding = 4; lastKnownFileType = sourcecode.c.h; path = RichDbMessage.h; sourceTree = "<group>"; };
		4C8C908A1548E98600706FA7 /* RichDbMessage.m */ = {isa = PBXFileReference; fileEncoding = 4; lastKnownFileType = sourcecode.c.objc; path = RichDbMessage.m; sourceTree = "<group>"; };
		4C8C908B1548E98600706FA7 /* richnotification.xcdatamodel */ = {isa = PBXFileReference; lastKnownFileType = wrapper.xcdatamodel; path = richnotification.xcdatamodel; sourceTree = "<group>"; };
		4C8C908C1548E98600706FA7 /* richnotificationV1.15.xcdatamodel */ = {isa = PBXFileReference; lastKnownFileType = wrapper.xcdatamodel; path = richnotificationV1.15.xcdatamodel; sourceTree = "<group>"; };
		4C8C908D1548E98600706FA7 /* XLInboxJsonParser.h */ = {isa = PBXFileReference; fileEncoding = 4; lastKnownFileType = sourcecode.c.h; path = XLInboxJsonParser.h; sourceTree = "<group>"; };
		4C8C908E1548E98600706FA7 /* XLInboxJsonParser.m */ = {isa = PBXFileReference; fileEncoding = 4; lastKnownFileType = sourcecode.c.objc; path = XLInboxJsonParser.m; sourceTree = "<group>"; };
		4C8C908F1548E98600706FA7 /* XLMetricMgr.h */ = {isa = PBXFileReference; fileEncoding = 4; lastKnownFileType = sourcecode.c.h; path = XLMetricMgr.h; sourceTree = "<group>"; };
		4C8C90901548E98600706FA7 /* XLMetricMgr.m */ = {isa = PBXFileReference; fileEncoding = 4; lastKnownFileType = sourcecode.c.objc; path = XLMetricMgr.m; sourceTree = "<group>"; };
		4C8C90911548E98600706FA7 /* XLRichJsonMessage.h */ = {isa = PBXFileReference; fileEncoding = 4; lastKnownFileType = sourcecode.c.h; path = XLRichJsonMessage.h; sourceTree = "<group>"; };
		4C8C90921548E98600706FA7 /* XLRichJsonMessage.m */ = {isa = PBXFileReference; fileEncoding = 4; lastKnownFileType = sourcecode.c.objc; path = XLRichJsonMessage.m; sourceTree = "<group>"; };
		4C8C90941548E98600706FA7 /* chime.caf */ = {isa = PBXFileReference; lastKnownFileType = file; path = chime.caf; sourceTree = "<group>"; };
		4C8C90951548E98600706FA7 /* ding.caf */ = {isa = PBXFileReference; lastKnownFileType = file; path = ding.caf; sourceTree = "<group>"; };
		4C8C90961548E98600706FA7 /* expireMsgTemplate.html */ = {isa = PBXFileReference; fileEncoding = 4; lastKnownFileType = text.html; path = expireMsgTemplate.html; sourceTree = "<group>"; };
		4C8C90971548E98600706FA7 /* silence.caf */ = {isa = PBXFileReference; lastKnownFileType = file; path = silence.caf; sourceTree = "<group>"; };
		4C8C90991548E98600706FA7 /* XLappMgr.h */ = {isa = PBXFileReference; fileEncoding = 4; lastKnownFileType = sourcecode.c.h; path = XLappMgr.h; sourceTree = "<group>"; };
		4C8C909A1548E98600706FA7 /* XLappMgr.m */ = {isa = PBXFileReference; fileEncoding = 4; lastKnownFileType = sourcecode.c.objc; path = XLappMgr.m; sourceTree = "<group>"; };
		4C8C909B1548E98600706FA7 /* XLDbMgr.h */ = {isa = PBXFileReference; fileEncoding = 4; lastKnownFileType = sourcecode.c.h; path = XLDbMgr.h; sourceTree = "<group>"; };
		4C8C909C1548E98600706FA7 /* XLDbMgr.m */ = {isa = PBXFileReference; fileEncoding = 4; lastKnownFileType = sourcecode.c.objc; path = XLDbMgr.m; sourceTree = "<group>"; };
		4C8C909D1548E98600706FA7 /* XLInboxDelegate.h */ = {isa = PBXFileReference; fileEncoding = 4; lastKnownFileType = sourcecode.c.h; path = XLInboxDelegate.h; sourceTree = "<group>"; };
		4C8C909E1548E98600706FA7 /* XLInboxMgr.h */ = {isa = PBXFileReference; fileEncoding = 4; lastKnownFileType = sourcecode.c.h; path = XLInboxMgr.h; sourceTree = "<group>"; };
		4C8C909F1548E98600706FA7 /* XLInboxMgr.m */ = {isa = PBXFileReference; fileEncoding = 4; lastKnownFileType = sourcecode.c.objc; path = XLInboxMgr.m; sourceTree = "<group>"; };
		4C8C90A01548E98600706FA7 /* XLLocationMgr.h */ = {isa = PBXFileReference; fileEncoding = 4; lastKnownFileType = sourcecode.c.h; path = XLLocationMgr.h; sourceTree = "<group>"; };
		4C8C90A11548E98600706FA7 /* XLLocationMgr.m */ = {isa = PBXFileReference; fileEncoding = 4; lastKnownFileType = sourcecode.c.objc; path = XLLocationMgr.m; sourceTree = "<group>"; };
		4C8C90A21548E98600706FA7 /* XLServerMgr.h */ = {isa = PBXFileReference; fileEncoding = 4; lastKnownFileType = sourcecode.c.h; path = XLServerMgr.h; sourceTree = "<group>"; };
		4C8C90A31548E98600706FA7 /* XLServerMgr.m */ = {isa = PBXFileReference; fileEncoding = 4; lastKnownFileType = sourcecode.c.objc; path = XLServerMgr.m; sourceTree = "<group>"; };
		4C8C90A41548E98600706FA7 /* XLutils.h */ = {isa = PBXFileReference; fileEncoding = 4; lastKnownFileType = sourcecode.c.h; path = XLutils.h; sourceTree = "<group>"; };
		4C8C90A61548E98600706FA7 /* XRDetailsVC.h */ = {isa = PBXFileReference; fileEncoding = 4; lastKnownFileType = sourcecode.c.h; path = XRDetailsVC.h; sourceTree = "<group>"; };
		4C8C90A71548E98600706FA7 /* XRDetailsVC.m */ = {isa = PBXFileReference; fileEncoding = 4; lastKnownFileType = sourcecode.c.objc; path = XRDetailsVC.m; sourceTree = "<group>"; };
		4C8C90A81548E98600706FA7 /* XRInboxVC.h */ = {isa = PBXFileReference; fileEncoding = 4; lastKnownFileType = sourcecode.c.h; path = XRInboxVC.h; sourceTree = "<group>"; };
		4C8C90A91548E98600706FA7 /* XRInboxVC.m */ = {isa = PBXFileReference; fileEncoding = 4; lastKnownFileType = sourcecode.c.objc; path = XRInboxVC.m; sourceTree = "<group>"; };
		4C8C90AB1548E98600706FA7 /* copy_library.sh */ = {isa = PBXFileReference; fileEncoding = 4; lastKnownFileType = text.script.sh; path = copy_library.sh; sourceTree = "<group>"; };
		4C8C90AC1548E98600706FA7 /* XtifyGlobal.h */ = {isa = PBXFileReference; fileEncoding = 4; lastKnownFileType = sourcecode.c.h; path = XtifyGlobal.h; sourceTree = "<group>"; };
		4C8C90DE1548E9DB00706FA7 /* fld-iconx57.png */ = {isa = PBXFileReference; lastKnownFileType = image.png; name = "fld-iconx57.png"; path = "../fld-iconx57.png"; sourceTree = "<group>"; };
		4C8C90E01548E9F500706FA7 /* fld-iconx114.png */ = {isa = PBXFileReference; lastKnownFileType = image.png; name = "fld-iconx114.png"; path = "../fld-iconx114.png"; sourceTree = "<group>"; };
		4C8C90E21548EA1400706FA7 /* Default.png */ = {isa = PBXFileReference; lastKnownFileType = image.png; name = Default.png; path = ../Default.png; sourceTree = "<group>"; };
		4C8C90E41548EA6A00706FA7 /* Default@2x.png */ = {isa = PBXFileReference; lastKnownFileType = image.png; name = "Default@2x.png"; path = "../Default@2x.png"; sourceTree = "<group>"; };
		4C8C90E61548EA8600706FA7 /* fld-icon72.png */ = {isa = PBXFileReference; lastKnownFileType = image.png; name = "fld-icon72.png"; path = "../fld-icon72.png"; sourceTree = "<group>"; };
		4C8C90E81548EC4900706FA7 /* MapKit.framework */ = {isa = PBXFileReference; lastKnownFileType = wrapper.framework; name = MapKit.framework; path = System/Library/Frameworks/MapKit.framework; sourceTree = SDKROOT; };
		4C8C90EA1548EC4E00706FA7 /* CoreData.framework */ = {isa = PBXFileReference; lastKnownFileType = wrapper.framework; name = CoreData.framework; path = System/Library/Frameworks/CoreData.framework; sourceTree = SDKROOT; };
		4C8C90EC1548EC5800706FA7 /* MessageUI.framework */ = {isa = PBXFileReference; lastKnownFileType = wrapper.framework; name = MessageUI.framework; path = System/Library/Frameworks/MessageUI.framework; sourceTree = SDKROOT; };
		4C8C90EE1548EC6600706FA7 /* CFNetwork.framework */ = {isa = PBXFileReference; lastKnownFileType = wrapper.framework; name = CFNetwork.framework; path = System/Library/Frameworks/CFNetwork.framework; sourceTree = SDKROOT; };
		4C8C90F01548EC7400706FA7 /* libxml2.2.dylib */ = {isa = PBXFileReference; lastKnownFileType = "compiled.mach-o.dylib"; name = libxml2.2.dylib; path = usr/lib/libxml2.2.dylib; sourceTree = SDKROOT; };
		4C8C90F21548EC7C00706FA7 /* libz.1.1.3.dylib */ = {isa = PBXFileReference; lastKnownFileType = "compiled.mach-o.dylib"; name = libz.1.1.3.dylib; path = usr/lib/libz.1.1.3.dylib; sourceTree = SDKROOT; };
		4C8C90F41548EC8600706FA7 /* CoreTelephony.framework */ = {isa = PBXFileReference; lastKnownFileType = wrapper.framework; name = CoreTelephony.framework; path = System/Library/Frameworks/CoreTelephony.framework; sourceTree = SDKROOT; };
		4CEBED11155C4F700083AF8A /* icon.png */ = {isa = PBXFileReference; lastKnownFileType = image.png; path = icon.png; sourceTree = "<group>"; };
/* End PBXFileReference section */

/* Begin PBXFrameworksBuildPhase section */
		4C8C8FD51548E73000706FA7 /* Frameworks */ = {
			isa = PBXFrameworksBuildPhase;
			buildActionMask = 2147483647;
			files = (
				4C8C90F51548EC8600706FA7 /* CoreTelephony.framework in Frameworks */,
				4C8C90F31548EC7C00706FA7 /* libz.1.1.3.dylib in Frameworks */,
				4C8C90F11548EC7400706FA7 /* libxml2.2.dylib in Frameworks */,
				4C8C90EF1548EC6600706FA7 /* CFNetwork.framework in Frameworks */,
				4C8C8FEE1548E73000706FA7 /* CoreLocation.framework in Frameworks */,
				4C8C90ED1548EC5800706FA7 /* MessageUI.framework in Frameworks */,
				4C8C90EB1548EC4E00706FA7 /* CoreData.framework in Frameworks */,
				4C8C90E91548EC4900706FA7 /* MapKit.framework in Frameworks */,
				4C8C8FF41548E73000706FA7 /* SystemConfiguration.framework in Frameworks */,
				4C8C8FE41548E73000706FA7 /* CoreGraphics.framework in Frameworks */,
				4C8C8FE21548E73000706FA7 /* UIKit.framework in Frameworks */,
				4C8C8FE01548E73000706FA7 /* Foundation.framework in Frameworks */,
				4C8C8FE61548E73000706FA7 /* AddressBook.framework in Frameworks */,
				4C8C8FE81548E73000706FA7 /* AddressBookUI.framework in Frameworks */,
				4C8C8FEA1548E73000706FA7 /* AudioToolbox.framework in Frameworks */,
				4C8C8FEC1548E73000706FA7 /* AVFoundation.framework in Frameworks */,
				4C8C8FF01548E73000706FA7 /* MediaPlayer.framework in Frameworks */,
				4C8C8FF21548E73000706FA7 /* QuartzCore.framework in Frameworks */,
				4C8C8FF61548E73000706FA7 /* MobileCoreServices.framework in Frameworks */,
				4C8C8FF81548E73000706FA7 /* CoreMedia.framework in Frameworks */,
				4C8C90031548E73000706FA7 /* Cordova.framework in Frameworks */,
			);
			runOnlyForDeploymentPostprocessing = 0;
		};
		4C8C8FD81548E73000706FA7 /* Frameworks */ = {
			isa = PBXFrameworksBuildPhase;
			buildActionMask = 2147483647;
			files = (
			);
			runOnlyForDeploymentPostprocessing = 0;
		};
/* End PBXFrameworksBuildPhase section */

/* Begin PBXGroup section */
		4C8C8FCD1548E73000706FA7 = {
			isa = PBXGroup;
			children = (
				4CEBED11155C4F700083AF8A /* icon.png */,
				4C8C90421548E98600706FA7 /* XtifyLib */,
				4C8C903C1548E76100706FA7 /* www */,
				4C8C8FF91548E73000706FA7 /* Xtify_YouTube_PhoneGap */,
				4C8C8FDE1548E73000706FA7 /* Frameworks */,
				4C8C8FDC1548E73000706FA7 /* Products */,
			);
			sourceTree = "<group>";
		};
		4C8C8FDC1548E73000706FA7 /* Products */ = {
			isa = PBXGroup;
			children = (
				4C8C8FDB1548E73000706FA7 /* Xtify_YouTube_PhoneGap.app */,
			);
			name = Products;
			sourceTree = "<group>";
		};
		4C8C8FDE1548E73000706FA7 /* Frameworks */ = {
			isa = PBXGroup;
			children = (
				4C8C90F41548EC8600706FA7 /* CoreTelephony.framework */,
				4C8C90F21548EC7C00706FA7 /* libz.1.1.3.dylib */,
				4C8C90F01548EC7400706FA7 /* libxml2.2.dylib */,
				4C8C90EE1548EC6600706FA7 /* CFNetwork.framework */,
				4C8C90EC1548EC5800706FA7 /* MessageUI.framework */,
				4C8C90EA1548EC4E00706FA7 /* CoreData.framework */,
				4C8C90E81548EC4900706FA7 /* MapKit.framework */,
				4C8C8FDF1548E73000706FA7 /* Foundation.framework */,
				4C8C8FE11548E73000706FA7 /* UIKit.framework */,
				4C8C8FE31548E73000706FA7 /* CoreGraphics.framework */,
				4C8C8FE51548E73000706FA7 /* AddressBook.framework */,
				4C8C8FE71548E73000706FA7 /* AddressBookUI.framework */,
				4C8C8FE91548E73000706FA7 /* AudioToolbox.framework */,
				4C8C8FEB1548E73000706FA7 /* AVFoundation.framework */,
				4C8C8FED1548E73000706FA7 /* CoreLocation.framework */,
				4C8C8FEF1548E73000706FA7 /* MediaPlayer.framework */,
				4C8C8FF11548E73000706FA7 /* QuartzCore.framework */,
				4C8C8FF31548E73000706FA7 /* SystemConfiguration.framework */,
				4C8C8FF51548E73000706FA7 /* MobileCoreServices.framework */,
				4C8C8FF71548E73000706FA7 /* CoreMedia.framework */,
			);
			name = Frameworks;
			sourceTree = "<group>";
		};
		4C8C8FF91548E73000706FA7 /* Xtify_YouTube_PhoneGap */ = {
			isa = PBXGroup;
			children = (
				4C8C90021548E73000706FA7 /* Cordova.framework */,
				4C8C90041548E73000706FA7 /* Resources */,
				4C8C90251548E73000706FA7 /* Classes */,
				4C8C902E1548E73000706FA7 /* Plugins */,
				4C8C8FFA1548E73000706FA7 /* Supporting Files */,
			);
			path = Xtify_YouTube_PhoneGap;
			sourceTree = "<group>";
		};
		4C8C8FFA1548E73000706FA7 /* Supporting Files */ = {
			isa = PBXGroup;
			children = (
				4C8C8FFB1548E73000706FA7 /* Xtify_YouTube_PhoneGap-Info.plist */,
				4C8C8FFC1548E73000706FA7 /* InfoPlist.strings */,
				4C8C8FFF1548E73000706FA7 /* main.m */,
				4C8C90011548E73000706FA7 /* Xtify_YouTube_PhoneGap-Prefix.pch */,
				4C8C90231548E73000706FA7 /* Cordova.plist */,
				4C8C902C1548E73000706FA7 /* MainViewController.xib */,
				4C8C90301548E73000706FA7 /* verify.sh */,
			);
			name = "Supporting Files";
			sourceTree = "<group>";
		};
		4C8C90041548E73000706FA7 /* Resources */ = {
			isa = PBXGroup;
			children = (
				4C8C90211548E73000706FA7 /* Capture.bundle */,
				4C8C90051548E73000706FA7 /* en.lproj */,
				4C8C90091548E73000706FA7 /* es.lproj */,
				4C8C900D1548E73000706FA7 /* de.lproj */,
				4C8C90111548E73000706FA7 /* se.lproj */,
				4C8C90151548E73000706FA7 /* icons */,
				4C8C901C1548E73000706FA7 /* splash */,
			);
			name = Resources;
			sourceTree = "<group>";
		};
		4C8C90051548E73000706FA7 /* en.lproj */ = {
			isa = PBXGroup;
			children = (
				4C8C90061548E73000706FA7 /* Localizable.strings */,
			);
			name = en.lproj;
			sourceTree = "<group>";
		};
		4C8C90091548E73000706FA7 /* es.lproj */ = {
			isa = PBXGroup;
			children = (
				4C8C900A1548E73000706FA7 /* Localizable.strings */,
			);
			name = es.lproj;
			sourceTree = "<group>";
		};
		4C8C900D1548E73000706FA7 /* de.lproj */ = {
			isa = PBXGroup;
			children = (
				4C8C900E1548E73000706FA7 /* Localizable.strings */,
			);
			name = de.lproj;
			sourceTree = "<group>";
		};
		4C8C90111548E73000706FA7 /* se.lproj */ = {
			isa = PBXGroup;
			children = (
				4C8C90121548E73000706FA7 /* Localizable.strings */,
			);
			name = se.lproj;
			sourceTree = "<group>";
		};
		4C8C90151548E73000706FA7 /* icons */ = {
			isa = PBXGroup;
			children = (
				4C8C90E61548EA8600706FA7 /* fld-icon72.png */,
				4C8C90E01548E9F500706FA7 /* fld-iconx114.png */,
				4C8C90DE1548E9DB00706FA7 /* fld-iconx57.png */,
			);
			name = icons;
			sourceTree = "<group>";
		};
		4C8C901C1548E73000706FA7 /* splash */ = {
			isa = PBXGroup;
			children = (
				4C8C90E41548EA6A00706FA7 /* Default@2x.png */,
				4C8C90E21548EA1400706FA7 /* Default.png */,
			);
			name = splash;
			sourceTree = "<group>";
		};
		4C8C90251548E73000706FA7 /* Classes */ = {
			isa = PBXGroup;
			children = (
				4C8C90261548E73000706FA7 /* AppDelegate.h */,
				4C8C90271548E73000706FA7 /* AppDelegate.m */,
				4C8C90291548E73000706FA7 /* MainViewController.h */,
				4C8C902A1548E73000706FA7 /* MainViewController.m */,
			);
			name = Classes;
			sourceTree = "<group>";
		};
		4C8C902E1548E73000706FA7 /* Plugins */ = {
			isa = PBXGroup;
			children = (
				4C8C902F1548E73000706FA7 /* README */,
			);
			name = Plugins;
			sourceTree = "<group>";
		};
		4C8C90421548E98600706FA7 /* XtifyLib */ = {
			isa = PBXGroup;
			children = (
				4C8C90431548E98600706FA7 /* External */,
				4C8C907F1548E98600706FA7 /* Library */,
				4C8C90AA1548E98600706FA7 /* scripts */,
				4C8C90AC1548E98600706FA7 /* XtifyGlobal.h */,
			);
			path = XtifyLib;
			sourceTree = "<group>";
		};
		4C8C90431548E98600706FA7 /* External */ = {
			isa = PBXGroup;
			children = (
				4C8C90441548E98600706FA7 /* asi */,
				4C8C90591548E98600706FA7 /* json */,
				4C8C90741548E98600706FA7 /* misc */,
			);
			path = External;
			sourceTree = "<group>";
		};
		4C8C90441548E98600706FA7 /* asi */ = {
			isa = PBXGroup;
			children = (
				4C8C90451548E98600706FA7 /* ASIAuthenticationDialog.h */,
				4C8C90461548E98600706FA7 /* ASIAuthenticationDialog.m */,
				4C8C90471548E98600706FA7 /* ASICacheDelegate.h */,
				4C8C90481548E98600706FA7 /* ASIDataCompressor.h */,
				4C8C90491548E98600706FA7 /* ASIDataCompressor.m */,
				4C8C904A1548E98600706FA7 /* ASIDataDecompressor.h */,
				4C8C904B1548E98600706FA7 /* ASIDataDecompressor.m */,
				4C8C904C1548E98600706FA7 /* ASIDownloadCache.h */,
				4C8C904D1548E98600706FA7 /* ASIDownloadCache.m */,
				4C8C904E1548E98600706FA7 /* ASIFormDataRequest.h */,
				4C8C904F1548E98600706FA7 /* ASIFormDataRequest.m */,
				4C8C90501548E98600706FA7 /* ASIHTTPRequest.h */,
				4C8C90511548E98600706FA7 /* ASIHTTPRequest.m */,
				4C8C90521548E98600706FA7 /* ASIHTTPRequestConfig.h */,
				4C8C90531548E98600706FA7 /* ASIHTTPRequestDelegate.h */,
				4C8C90541548E98600706FA7 /* ASIInputStream.h */,
				4C8C90551548E98600706FA7 /* ASIInputStream.m */,
				4C8C90561548E98600706FA7 /* ASINetworkQueue.h */,
				4C8C90571548E98600706FA7 /* ASINetworkQueue.m */,
				4C8C90581548E98600706FA7 /* ASIProgressDelegate.h */,
			);
			path = asi;
			sourceTree = "<group>";
		};
		4C8C90591548E98600706FA7 /* json */ = {
			isa = PBXGroup;
			children = (
				4C8C905A1548E98600706FA7 /* JSON.h */,
				4C8C905B1548E98600706FA7 /* NSObject+SBJson.h */,
				4C8C905C1548E98600706FA7 /* NSObject+SBJson.m */,
				4C8C905D1548E98600706FA7 /* SBJson.h */,
				4C8C905E1548E98600706FA7 /* SBJsonParser.h */,
				4C8C905F1548E98600706FA7 /* SBJsonParser.m */,
				4C8C90601548E98600706FA7 /* SBJsonStreamParser.h */,
				4C8C90611548E98600706FA7 /* SBJsonStreamParser.m */,
				4C8C90621548E98600706FA7 /* SBJsonStreamParserAccumulator.h */,
				4C8C90631548E98600706FA7 /* SBJsonStreamParserAccumulator.m */,
				4C8C90641548E98600706FA7 /* SBJsonStreamParserAdapter.h */,
				4C8C90651548E98600706FA7 /* SBJsonStreamParserAdapter.m */,
				4C8C90661548E98600706FA7 /* SBJsonStreamParserState.h */,
				4C8C90671548E98600706FA7 /* SBJsonStreamParserState.m */,
				4C8C90681548E98600706FA7 /* SBJsonStreamWriter.h */,
				4C8C90691548E98600706FA7 /* SBJsonStreamWriter.m */,
				4C8C906A1548E98600706FA7 /* SBJsonStreamWriterAccumulator.h */,
				4C8C906B1548E98600706FA7 /* SBJsonStreamWriterAccumulator.m */,
				4C8C906C1548E98600706FA7 /* SBJsonStreamWriterState.h */,
				4C8C906D1548E98600706FA7 /* SBJsonStreamWriterState.m */,
				4C8C906E1548E98600706FA7 /* SBJsonTokeniser.h */,
				4C8C906F1548E98600706FA7 /* SBJsonTokeniser.m */,
				4C8C90701548E98600706FA7 /* SBJsonUTF8Stream.h */,
				4C8C90711548E98600706FA7 /* SBJsonUTF8Stream.m */,
				4C8C90721548E98600706FA7 /* SBJsonWriter.h */,
				4C8C90731548E98600706FA7 /* SBJsonWriter.m */,
			);
			path = json;
			sourceTree = "<group>";
		};
		4C8C90741548E98600706FA7 /* misc */ = {
			isa = PBXGroup;
			children = (
				4C8C90751548E98600706FA7 /* GTMNSString+HTML.h */,
				4C8C90761548E98600706FA7 /* GTMNSString+HTML.m */,
				4C8C90771548E98600706FA7 /* NSString+MD5Addition.h */,
				4C8C90781548E98600706FA7 /* NSString+MD5Addition.m */,
				4C8C90791548E98600706FA7 /* NSString_HTML.h */,
				4C8C907A1548E98600706FA7 /* NSString_HTML.m */,
				4C8C907B1548E98600706FA7 /* UIDevice+IdentifierAddition.h */,
				4C8C907C1548E98600706FA7 /* UIDevice+IdentifierAddition.m */,
				4C8C907D1548E98600706FA7 /* xReachability.h */,
				4C8C907E1548E98600706FA7 /* xReachability.m */,
			);
			path = misc;
			sourceTree = "<group>";
		};
		4C8C907F1548E98600706FA7 /* Library */ = {
			isa = PBXGroup;
			children = (
				4C8C90801548E98600706FA7 /* database */,
				4C8C90931548E98600706FA7 /* resources */,
				4C8C90981548E98600706FA7 /* support */,
				4C8C90A51548E98600706FA7 /* ui */,
			);
			path = Library;
			sourceTree = "<group>";
		};
		4C8C90801548E98600706FA7 /* database */ = {
			isa = PBXGroup;
			children = (
				4C8C90811548E98600706FA7 /* AppDetail.h */,
				4C8C90821548E98600706FA7 /* AppDetail.m */,
				4C8C90831548E98600706FA7 /* AppDetailsMgr.h */,
				4C8C90841548E98600706FA7 /* AppDetailsMgr.m */,
				4C8C90851548E98600706FA7 /* MapAnnotation.h */,
				4C8C90861548E98600706FA7 /* MapAnnotation.m */,
				4C8C90871548E98600706FA7 /* MetricDb.h */,
				4C8C90881548E98600706FA7 /* MetricDb.m */,
				4C8C90891548E98600706FA7 /* RichDbMessage.h */,
				4C8C908A1548E98600706FA7 /* RichDbMessage.m */,
				4C8C908B1548E98600706FA7 /* richnotification.xcdatamodel */,
				4C8C908C1548E98600706FA7 /* richnotificationV1.15.xcdatamodel */,
				4C8C908D1548E98600706FA7 /* XLInboxJsonParser.h */,
				4C8C908E1548E98600706FA7 /* XLInboxJsonParser.m */,
				4C8C908F1548E98600706FA7 /* XLMetricMgr.h */,
				4C8C90901548E98600706FA7 /* XLMetricMgr.m */,
				4C8C90911548E98600706FA7 /* XLRichJsonMessage.h */,
				4C8C90921548E98600706FA7 /* XLRichJsonMessage.m */,
			);
			path = database;
			sourceTree = "<group>";
		};
		4C8C90931548E98600706FA7 /* resources */ = {
			isa = PBXGroup;
			children = (
				4C8C90941548E98600706FA7 /* chime.caf */,
				4C8C90951548E98600706FA7 /* ding.caf */,
				4C8C90961548E98600706FA7 /* expireMsgTemplate.html */,
				4C8C90971548E98600706FA7 /* silence.caf */,
			);
			path = resources;
			sourceTree = "<group>";
		};
		4C8C90981548E98600706FA7 /* support */ = {
			isa = PBXGroup;
			children = (
				4C8C90991548E98600706FA7 /* XLappMgr.h */,
				4C8C909A1548E98600706FA7 /* XLappMgr.m */,
				4C8C909B1548E98600706FA7 /* XLDbMgr.h */,
				4C8C909C1548E98600706FA7 /* XLDbMgr.m */,
				4C8C909D1548E98600706FA7 /* XLInboxDelegate.h */,
				4C8C909E1548E98600706FA7 /* XLInboxMgr.h */,
				4C8C909F1548E98600706FA7 /* XLInboxMgr.m */,
				4C8C90A01548E98600706FA7 /* XLLocationMgr.h */,
				4C8C90A11548E98600706FA7 /* XLLocationMgr.m */,
				4C8C90A21548E98600706FA7 /* XLServerMgr.h */,
				4C8C90A31548E98600706FA7 /* XLServerMgr.m */,
				4C8C90A41548E98600706FA7 /* XLutils.h */,
			);
			path = support;
			sourceTree = "<group>";
		};
		4C8C90A51548E98600706FA7 /* ui */ = {
			isa = PBXGroup;
			children = (
				4C8C90A61548E98600706FA7 /* XRDetailsVC.h */,
				4C8C90A71548E98600706FA7 /* XRDetailsVC.m */,
				4C8C90A81548E98600706FA7 /* XRInboxVC.h */,
				4C8C90A91548E98600706FA7 /* XRInboxVC.m */,
			);
			path = ui;
			sourceTree = "<group>";
		};
		4C8C90AA1548E98600706FA7 /* scripts */ = {
			isa = PBXGroup;
			children = (
				4C8C90AB1548E98600706FA7 /* copy_library.sh */,
			);
			path = scripts;
			sourceTree = "<group>";
		};
/* End PBXGroup section */

/* Begin PBXNativeTarget section */
		4C8C8FDA1548E73000706FA7 /* Xtify_YouTube_PhoneGap */ = {
			isa = PBXNativeTarget;
			buildConfigurationList = 4C8C90341548E73000706FA7 /* Build configuration list for PBXNativeTarget "Xtify_YouTube_PhoneGap" */;
			buildPhases = (
				4C8C8FD41548E73000706FA7 /* Sources */,
				4C8C8FD51548E73000706FA7 /* Frameworks */,
				4C8C8FD61548E73000706FA7 /* Resources */,
				4C8C8FD71548E73000706FA7 /* Sources */,
				4C8C8FD81548E73000706FA7 /* Frameworks */,
				4C8C8FD91548E73000706FA7 /* ShellScript */,
			);
			buildRules = (
			);
			dependencies = (
			);
			name = Xtify_YouTube_PhoneGap;
			productName = Xtify_YouTube_PhoneGap;
			productReference = 4C8C8FDB1548E73000706FA7 /* Xtify_YouTube_PhoneGap.app */;
			productType = "com.apple.product-type.application";
		};
/* End PBXNativeTarget section */

/* Begin PBXProject section */
		4C8C8FCF1548E73000706FA7 /* Project object */ = {
			isa = PBXProject;
			attributes = {
				LastUpgradeCheck = 0430;
				ORGANIZATIONNAME = Xtify.com;
			};
			buildConfigurationList = 4C8C8FD21548E73000706FA7 /* Build configuration list for PBXProject "Xtify_YouTube_PhoneGap" */;
			compatibilityVersion = "Xcode 3.2";
			developmentRegion = English;
			hasScannedForEncodings = 0;
			knownRegions = (
				en,
				es,
				de,
				se,
			);
			mainGroup = 4C8C8FCD1548E73000706FA7;
			productRefGroup = 4C8C8FDC1548E73000706FA7 /* Products */;
			projectDirPath = "";
			projectRoot = "";
			targets = (
				4C8C8FDA1548E73000706FA7 /* Xtify_YouTube_PhoneGap */,
			);
		};
/* End PBXProject section */

/* Begin PBXResourcesBuildPhase section */
		4C8C8FD61548E73000706FA7 /* Resources */ = {
			isa = PBXResourcesBuildPhase;
			buildActionMask = 2147483647;
			files = (
				4C8C8FFE1548E73000706FA7 /* InfoPlist.strings in Resources */,
				4C8C90081548E73000706FA7 /* Localizable.strings in Resources */,
				4C8C900C1548E73000706FA7 /* Localizable.strings in Resources */,
				4C8C90101548E73000706FA7 /* Localizable.strings in Resources */,
				4C8C90141548E73000706FA7 /* Localizable.strings in Resources */,
				4C8C90221548E73000706FA7 /* Capture.bundle in Resources */,
				4C8C90241548E73000706FA7 /* Cordova.plist in Resources */,
				4C8C902D1548E73000706FA7 /* MainViewController.xib in Resources */,
				4C8C90311548E73000706FA7 /* verify.sh in Resources */,
				4C8C903D1548E76100706FA7 /* www in Resources */,
				4C8C90D01548E98600706FA7 /* chime.caf in Resources */,
				4C8C90D11548E98600706FA7 /* ding.caf in Resources */,
				4C8C90D21548E98600706FA7 /* expireMsgTemplate.html in Resources */,
				4C8C90D31548E98600706FA7 /* silence.caf in Resources */,
				4C8C90DB1548E98600706FA7 /* copy_library.sh in Resources */,
				4CEBED12155C4F700083AF8A /* icon.png in Resources */,
			);
			runOnlyForDeploymentPostprocessing = 0;
		};
/* End PBXResourcesBuildPhase section */

/* Begin PBXShellScriptBuildPhase section */
		4C8C8FD91548E73000706FA7 /* ShellScript */ = {
			isa = PBXShellScriptBuildPhase;
			buildActionMask = 2147483647;
			files = (
			);
			inputPaths = (
			);
			outputPaths = (
			);
			runOnlyForDeploymentPostprocessing = 0;
			shellPath = /bin/bash;
			shellScript = "\n\t\t\t\t\t\t\t\tchmod 755 \"$PROJECT_DIR/$PROJECT_NAME/verify.sh\"\n\t\t\t\t\t\t\t\t\"$PROJECT_DIR/$PROJECT_NAME/verify.sh\"\n\t\t\t\t\t";
		};
/* End PBXShellScriptBuildPhase section */

/* Begin PBXSourcesBuildPhase section */
		4C8C8FD41548E73000706FA7 /* Sources */ = {
			isa = PBXSourcesBuildPhase;
			buildActionMask = 2147483647;
			files = (
				4C8C90001548E73000706FA7 /* main.m in Sources */,
				4C8C90281548E73000706FA7 /* AppDelegate.m in Sources */,
				4C8C902B1548E73000706FA7 /* MainViewController.m in Sources */,
				4C8C90AD1548E98600706FA7 /* ASIAuthenticationDialog.m in Sources */,
				4C8C90AE1548E98600706FA7 /* ASIDataCompressor.m in Sources */,
				4C8C90AF1548E98600706FA7 /* ASIDataDecompressor.m in Sources */,
				4C8C90B01548E98600706FA7 /* ASIDownloadCache.m in Sources */,
				4C8C90B11548E98600706FA7 /* ASIFormDataRequest.m in Sources */,
				4C8C90B21548E98600706FA7 /* ASIHTTPRequest.m in Sources */,
				4C8C90B31548E98600706FA7 /* ASIInputStream.m in Sources */,
				4C8C90B41548E98600706FA7 /* ASINetworkQueue.m in Sources */,
				4C8C90B51548E98600706FA7 /* NSObject+SBJson.m in Sources */,
				4C8C90B61548E98600706FA7 /* SBJsonParser.m in Sources */,
				4C8C90B71548E98600706FA7 /* SBJsonStreamParser.m in Sources */,
				4C8C90B81548E98600706FA7 /* SBJsonStreamParserAccumulator.m in Sources */,
				4C8C90B91548E98600706FA7 /* SBJsonStreamParserAdapter.m in Sources */,
				4C8C90BA1548E98600706FA7 /* SBJsonStreamParserState.m in Sources */,
				4C8C90BB1548E98600706FA7 /* SBJsonStreamWriter.m in Sources */,
				4C8C90BC1548E98600706FA7 /* SBJsonStreamWriterAccumulator.m in Sources */,
				4C8C90BD1548E98600706FA7 /* SBJsonStreamWriterState.m in Sources */,
				4C8C90BE1548E98600706FA7 /* SBJsonTokeniser.m in Sources */,
				4C8C90BF1548E98600706FA7 /* SBJsonUTF8Stream.m in Sources */,
				4C8C90C01548E98600706FA7 /* SBJsonWriter.m in Sources */,
				4C8C90C11548E98600706FA7 /* GTMNSString+HTML.m in Sources */,
				4C8C90C21548E98600706FA7 /* NSString+MD5Addition.m in Sources */,
				4C8C90C31548E98600706FA7 /* NSString_HTML.m in Sources */,
				4C8C90C41548E98600706FA7 /* UIDevice+IdentifierAddition.m in Sources */,
				4C8C90C51548E98600706FA7 /* xReachability.m in Sources */,
				4C8C90C61548E98600706FA7 /* AppDetail.m in Sources */,
				4C8C90C71548E98600706FA7 /* AppDetailsMgr.m in Sources */,
				4C8C90C81548E98600706FA7 /* MapAnnotation.m in Sources */,
				4C8C90C91548E98600706FA7 /* MetricDb.m in Sources */,
				4C8C90CA1548E98600706FA7 /* RichDbMessage.m in Sources */,
				4C8C90CB1548E98600706FA7 /* richnotification.xcdatamodel in Sources */,
				4C8C90CC1548E98600706FA7 /* richnotificationV1.15.xcdatamodel in Sources */,
				4C8C90CD1548E98600706FA7 /* XLInboxJsonParser.m in Sources */,
				4C8C90CE1548E98600706FA7 /* XLMetricMgr.m in Sources */,
				4C8C90CF1548E98600706FA7 /* XLRichJsonMessage.m in Sources */,
				4C8C90D41548E98600706FA7 /* XLappMgr.m in Sources */,
				4C8C90D51548E98600706FA7 /* XLDbMgr.m in Sources */,
				4C8C90D61548E98600706FA7 /* XLInboxMgr.m in Sources */,
				4C8C90D71548E98600706FA7 /* XLLocationMgr.m in Sources */,
				4C8C90D81548E98600706FA7 /* XLServerMgr.m in Sources */,
				4C8C90D91548E98600706FA7 /* XRDetailsVC.m in Sources */,
				4C8C90DA1548E98600706FA7 /* XRInboxVC.m in Sources */,
			);
			runOnlyForDeploymentPostprocessing = 0;
		};
		4C8C8FD71548E73000706FA7 /* Sources */ = {
			isa = PBXSourcesBuildPhase;
			buildActionMask = 2147483647;
			files = (
			);
			runOnlyForDeploymentPostprocessing = 0;
		};
/* End PBXSourcesBuildPhase section */

/* Begin PBXVariantGroup section */
		4C8C8FFC1548E73000706FA7 /* InfoPlist.strings */ = {
			isa = PBXVariantGroup;
			children = (
				4C8C8FFD1548E73000706FA7 /* en */,
			);
			name = InfoPlist.strings;
			sourceTree = "<group>";
		};
		4C8C90061548E73000706FA7 /* Localizable.strings */ = {
			isa = PBXVariantGroup;
			children = (
				4C8C90071548E73000706FA7 /* en */,
			);
			name = Localizable.strings;
			sourceTree = "<group>";
		};
		4C8C900A1548E73000706FA7 /* Localizable.strings */ = {
			isa = PBXVariantGroup;
			children = (
				4C8C900B1548E73000706FA7 /* es */,
			);
			name = Localizable.strings;
			sourceTree = "<group>";
		};
		4C8C900E1548E73000706FA7 /* Localizable.strings */ = {
			isa = PBXVariantGroup;
			children = (
				4C8C900F1548E73000706FA7 /* de */,
			);
			name = Localizable.strings;
			sourceTree = "<group>";
		};
		4C8C90121548E73000706FA7 /* Localizable.strings */ = {
			isa = PBXVariantGroup;
			children = (
				4C8C90131548E73000706FA7 /* se */,
			);
			name = Localizable.strings;
			sourceTree = "<group>";
		};
/* End PBXVariantGroup section */

/* Begin XCBuildConfiguration section */
		4C8C90321548E73000706FA7 /* Debug */ = {
			isa = XCBuildConfiguration;
			buildSettings = {
				ALWAYS_SEARCH_USER_PATHS = NO;
				ARCHS = (
					armv6,
					"$(ARCHS_STANDARD_32_BIT)",
				);
				"CODE_SIGN_IDENTITY[sdk=iphoneos*]" = "iPhone Developer";
				COPY_PHASE_STRIP = NO;
				GCC_C_LANGUAGE_STANDARD = gnu99;
				GCC_DYNAMIC_NO_PIC = NO;
				GCC_OPTIMIZATION_LEVEL = 0;
				GCC_PREPROCESSOR_DEFINITIONS = (
					"DEBUG=1",
					"$(inherited)",
				);
				GCC_SYMBOLS_PRIVATE_EXTERN = NO;
				GCC_THUMB_SUPPORT = NO;
				GCC_VERSION = com.apple.compilers.llvm.clang.1_0;
				GCC_WARN_ABOUT_RETURN_TYPE = YES;
				GCC_WARN_UNINITIALIZED_AUTOS = YES;
				GCC_WARN_UNUSED_VARIABLE = YES;
				IPHONEOS_DEPLOYMENT_TARGET = 3.0;
				SDKROOT = iphoneos;
			};
			name = Debug;
		};
		4C8C90331548E73000706FA7 /* Release */ = {
			isa = XCBuildConfiguration;
			buildSettings = {
				ALWAYS_SEARCH_USER_PATHS = NO;
				ARCHS = (
					armv6,
					"$(ARCHS_STANDARD_32_BIT)",
				);
				"CODE_SIGN_IDENTITY[sdk=iphoneos*]" = "iPhone Developer";
				COPY_PHASE_STRIP = YES;
				GCC_C_LANGUAGE_STANDARD = gnu99;
				GCC_THUMB_SUPPORT = NO;
				GCC_VERSION = com.apple.compilers.llvm.clang.1_0;
				GCC_WARN_ABOUT_RETURN_TYPE = YES;
				GCC_WARN_UNINITIALIZED_AUTOS = YES;
				GCC_WARN_UNUSED_VARIABLE = YES;
				IPHONEOS_DEPLOYMENT_TARGET = 3.0;
				SDKROOT = iphoneos;
				VALIDATE_PRODUCT = YES;
			};
			name = Release;
		};
		4C8C90351548E73000706FA7 /* Debug */ = {
			isa = XCBuildConfiguration;
			buildSettings = {
				ALWAYS_SEARCH_USER_PATHS = YES;
				"CODE_SIGN_IDENTITY[sdk=iphoneos*]" = "iPhone Developer: Michael Bordash (222T226S9E)";
				COPY_PHASE_STRIP = NO;
				FRAMEWORK_SEARCH_PATHS = /Users/Shared/Cordova/Frameworks;
				GCC_DYNAMIC_NO_PIC = NO;
				GCC_PRECOMPILE_PREFIX_HEADER = YES;
				GCC_PREFIX_HEADER = "Xtify_YouTube_PhoneGap/Xtify_YouTube_PhoneGap-Prefix.pch";
				GCC_PREPROCESSOR_DEFINITIONS = (
					"DEBUG=1,",
					"CORDOVA_FRAMEWORK=1",
				);
				GCC_THUMB_SUPPORT = NO;
				INFOPLIST_FILE = "Xtify_YouTube_PhoneGap/Xtify_YouTube_PhoneGap-Info.plist";
				OTHER_LDFLAGS = (
					"-weak_framework",
					UIKit,
					"-weak_framework",
					AVFoundation,
					"-weak_framework",
					CoreMedia,
					"-weak_library",
					/usr/lib/libSystem.B.dylib,
				);
				PRODUCT_NAME = Xtify_YouTube_PhoneGap;
				"PROVISIONING_PROFILE[sdk=iphoneos*]" = "1A3FC0E2-D594-41B2-992A-E7CEE07D46C1";
				TARGETED_DEVICE_FAMILY = "1,2";
				WRAPPER_EXTENSION = app;
			};
			name = Debug;
		};
		4C8C90361548E73000706FA7 /* Release */ = {
			isa = XCBuildConfiguration;
			buildSettings = {
				ALWAYS_SEARCH_USER_PATHS = YES;
				"CODE_SIGN_IDENTITY[sdk=iphoneos*]" = "iPhone Developer: Michael Bordash (222T226S9E)";
				COPY_PHASE_STRIP = YES;
				DEBUG_INFORMATION_FORMAT = "dwarf-with-dsym";
				FRAMEWORK_SEARCH_PATHS = /Users/Shared/Cordova/Frameworks;
				GCC_PRECOMPILE_PREFIX_HEADER = YES;
				GCC_PREFIX_HEADER = "Xtify_YouTube_PhoneGap/Xtify_YouTube_PhoneGap-Prefix.pch";
				GCC_PREPROCESSOR_DEFINITIONS = (
					"NDEBUG=1,",
					"CORDOVA_FRAMEWORK=1",
				);
				GCC_THUMB_SUPPORT = NO;
				INFOPLIST_FILE = "Xtify_YouTube_PhoneGap/Xtify_YouTube_PhoneGap-Info.plist";
				OTHER_LDFLAGS = (
					"-weak_framework",
					UIKit,
					"-weak_framework",
					AVFoundation,
					"-weak_framework",
					CoreMedia,
					"-weak_library",
					/usr/lib/libSystem.B.dylib,
				);
				PRODUCT_NAME = Xtify_YouTube_PhoneGap;
				"PROVISIONING_PROFILE[sdk=iphoneos*]" = "1A3FC0E2-D594-41B2-992A-E7CEE07D46C1";
				TARGETED_DEVICE_FAMILY = "1,2";
				VALIDATE_PRODUCT = YES;
				WRAPPER_EXTENSION = app;
			};
			name = Release;
		};
/* End XCBuildConfiguration section */

/* Begin XCConfigurationList section */
		4C8C8FD21548E73000706FA7 /* Build configuration list for PBXProject "Xtify_YouTube_PhoneGap" */ = {
			isa = XCConfigurationList;
			buildConfigurations = (
				4C8C90321548E73000706FA7 /* Debug */,
				4C8C90331548E73000706FA7 /* Release */,
			);
			defaultConfigurationIsVisible = 0;
			defaultConfigurationName = Release;
		};
		4C8C90341548E73000706FA7 /* Build configuration list for PBXNativeTarget "Xtify_YouTube_PhoneGap" */ = {
			isa = XCConfigurationList;
			buildConfigurations = (
				4C8C90351548E73000706FA7 /* Debug */,
				4C8C90361548E73000706FA7 /* Release */,
			);
			defaultConfigurationIsVisible = 0;
			defaultConfigurationName = Release;
		};
/* End XCConfigurationList section */
	};
	rootObject = 4C8C8FCF1548E73000706FA7 /* Project object */;
}
